schema: '2.0'
stages:
  preprocess:
    cmd: python -m steps.preprocess --file data/raw/train.csv --train
    deps:
    - path: data/raw/train.csv
      hash: md5
      md5: f147942c91d00d754503775341d13682
      size: 987712
  preprocess@train:
    cmd: python -m steps.preprocess --filepath data/raw/train.csv --dataset train
    deps:
    - path: data/raw/train.csv
      hash: md5
      md5: f147942c91d00d754503775341d13682
      size: 987712
    - path: steps/preprocess.py
      hash: md5
      md5: b2d5bc8d31b4f87b728b27acb22e266d
      size: 1436
    outs:
    - path: data/preprocess/train.parquet
      hash: md5
      md5: bf7d1139406ba5f1ec65e833adb68cba
      size: 692415
  preprocess@test:
    cmd: python -m steps.preprocess --filepath data/raw/test.csv --dataset test
    deps:
    - path: data/raw/test.csv
      hash: md5
      md5: ff248529f207ea164d73636e5b1b251d
      size: 420783
    - path: steps/preprocess.py
      hash: md5
      md5: b2d5bc8d31b4f87b728b27acb22e266d
      size: 1436
    outs:
    - path: data/preprocess/test.parquet
      hash: md5
      md5: 980a8aa378741cdaace6f30cbc63ccf2
      size: 323834
  train:
    cmd: python -m steps.train data/preprocess/train.parquet
    deps:
    - path: data/preprocess/train.parquet
      hash: md5
      md5: bf7d1139406ba5f1ec65e833adb68cba
      size: 692415
    outs:
    - path: data/train
      hash: md5
      md5: d751713988987e9331980363e24189ce.dir
      size: 0
      nfiles: 0
  test:
    cmd: python -m steps.test data/preprocess/test.parquet
    deps:
    - path: data/preprocess/test.parquet
      hash: md5
      md5: 980a8aa378741cdaace6f30cbc63ccf2
      size: 323834
    - path: data/train
      hash: md5
      md5: d751713988987e9331980363e24189ce.dir
      size: 0
      nfiles: 0
    - path: steps/test.py
      hash: md5
      md5: 5fb4fa8235732ed71f26cb0e2da617e2
      size: 2329
