schema: '2.0'
stages:
  preprocess:
    cmd: python -m steps.preprocess --file data/raw/train.csv --train
    deps:
    - path: data/raw/train.csv
      hash: md5
      md5: f147942c91d00d754503775341d13682
      size: 987712
  preprocess@train:
    cmd: python -m steps.preprocess --filepath data/raw/train.csv --dataset train
    deps:
    - path: data/raw/train.csv
      hash: md5
      md5: f147942c91d00d754503775341d13682
      size: 987712
    - path: steps/preprocess.py
      hash: md5
      md5: bba7c6be0ef192c320d1ba061ad1076c
      size: 1422
  preprocess@test:
    cmd: python -m steps.preprocess --filepath data/raw/test.csv --dataset test
    deps:
    - path: data/raw/test.csv
      hash: md5
      md5: ff248529f207ea164d73636e5b1b251d
      size: 420783
    - path: steps/preprocess.py
      hash: md5
      md5: bba7c6be0ef192c320d1ba061ad1076c
      size: 1422
  train:
    cmd: python -m steps.train --filepath data/preprocess/train.parquet
